// !$*UTF8*$!
{
	archiveVersion = 1;
	classes = {
	};
	objectVersion = 77;
	objects = {

/* Begin PBXFileReference section */
		E2CF65B72CAA6E6300CDAC6D /* MediaPlayer.xcodeproj */ = {isa = PBXFileReference; lastKnownFileType = "wrapper.pb-project"; name = MediaPlayer.xcodeproj; path = MediaPlayer/MediaPlayer.xcodeproj; sourceTree = "<group>"; };
		E2CF65D62CAF90A000CDAC6D /* PuzzleGameChallenge.xcodeproj */ = {isa = PBXFileReference; lastKnownFileType = "wrapper.pb-project"; name = PuzzleGameChallenge.xcodeproj; path = PuzzleGameChallenge/PuzzleGameChallenge.xcodeproj; sourceTree = "<group>"; };
/* End PBXFileReference section */

/* Begin PBXGroup section */
		E2A457392CA67C2300F545FE = {
			isa = PBXGroup;
			children = (
				E2CF65D62CAF90A000CDAC6D /* PuzzleGameChallenge.xcodeproj */,
				E2CF65B72CAA6E6300CDAC6D /* MediaPlayer.xcodeproj */,
			);
			sourceTree = "<group>";
		};
		E2CF65B82CAA6E6300CDAC6D /* Products */ = {
			isa = PBXGroup;
			children = (
			);
			name = Products;
			sourceTree = "<group>";
		};
		E2CF65D72CAF90A000CDAC6D /* Products */ = {
			isa = PBXGroup;
			children = (
			);
			name = Products;
			sourceTree = "<group>";
		};
/* End PBXGroup section */

/* Begin PBXProject section */
		E2A4573A2CA67C2300F545FE /* Project object */ = {
			isa = PBXProject;
			attributes = {
				BuildIndependentTargetsInParallel = 1;
				LastUpgradeCheck = 1600;
			};
			buildConfigurationList = E2A4573D2CA67C2300F545FE /* Build configuration list for PBXProject "CodingTestProject" */;
			developmentRegion = en;
			hasScannedForEncodings = 0;
			knownRegions = (
				en,
				Base,
			);
			mainGroup = E2A457392CA67C2300F545FE;
			minimizedProjectReferenceProxies = 1;
			preferredProjectObjectVersion = 77;
			projectDirPath = "";
			projectReferences = (
				{
					ProductGroup = E2CF65B82CAA6E6300CDAC6D /* Products */;
					ProjectRef = E2CF65B72CAA6E6300CDAC6D /* MediaPlayer.xcodeproj */;
				},
				{
					ProductGroup = E2CF65D72CAF90A000CDAC6D /* Products */;
					ProjectRef = E2CF65D62CAF90A000CDAC6D /* PuzzleGameChallenge.xcodeproj */;
				},
			);
			projectRoot = "";
			targets = (
			);
		};
/* End PBXProject section */

/* Begin XCBuildConfiguration section */
		E2A4573E2CA67C2300F545FE /* Debug */ = {
			isa = XCBuildConfiguration;
			buildSettings = {
			};
			name = Debug;
		};
		E2A4573F2CA67C2300F545FE /* Release */ = {
			isa = XCBuildConfiguration;
			buildSettings = {
			};
			name = Release;
		};
/* End XCBuildConfiguration section */

/* Begin XCConfigurationList section */
		E2A4573D2CA67C2300F545FE /* Build configuration list for PBXProject "CodingTestProject" */ = {
			isa = XCConfigurationList;
			buildConfigurations = (
				E2A4573E2CA67C2300F545FE /* Debug */,
				E2A4573F2CA67C2300F545FE /* Release */,
			);
			defaultConfigurationIsVisible = 0;
			defaultConfigurationName = Release;
		};
/* End XCConfigurationList section */
	};
	rootObject = E2A4573A2CA67C2300F545FE /* Project object */;
}
